
Microsoft Visual Studio Solution File, Format Version 12.00
# Visual Studio 15
VisualStudioVersion = 15.0.27130.2027
MinimumVisualStudioVersion = 10.0.40219.1
Project("{FAE04EC0-301F-11D3-BF4B-00C04F79EFBC}") = "MixMixWPF", "MixMixWPF\MixMixWPF.csproj", "{CE47267F-432E-4EC4-B38D-7B573FF87DDD}"
EndProject
Global
	GlobalSection(SolutionConfigurationPlatforms) = preSolution
		Debug|Any CPU = Debug|Any CPU
		Release|Any CPU = Release|Any CPU
	EndGlobalSection
	GlobalSection(ProjectConfigurationPlatforms) = postSolution
		{CE47267F-432E-4EC4-B38D-7B573FF87DDD}.Debug|Any CPU.ActiveCfg = Debug|Any CPU
		{CE47267F-432E-4EC4-B38D-7B573FF87DDD}.Debug|Any CPU.Build.0 = Debug|Any CPU
		{CE47267F-432E-4EC4-B38D-7B573FF87DDD}.Release|Any CPU.ActiveCfg = Release|Any CPU
		{CE47267F-432E-4EC4-B38D-7B573FF87DDD}.Release|Any CPU.Build.0 = Release|Any CPU
	EndGlobalSection
	GlobalSection(SolutionProperties) = preSolution
		HideSolutionNode = FALSE
	EndGlobalSection
	GlobalSection(ExtensibilityGlobals) = postSolution
		SolutionGuid = {897F4315-A267-4926-A0B8-FEB9BA34EC7B}
	EndGlobalSection
EndGlobal
